lockfileVersion: 5.4

specifiers:
  '@azariasb/escaya': ^0.0.63
  '@babel/generator': ^7.18.12
  '@babel/parser': ^7.18.11
  '@node-rs/deno-lint': ^1.14.0
  acorn: ^8.8.0
  astring: ^1.8.3
  benchmark: ^2.1.4
  cherow: ^1.6.9
  escodegen: ^2.0.0
  esprima: ^4.0.1
  jquery: ^3.6.0
  kataw: ^0.0.81
  marionette: ^5.0.0-alpha.2
  meriyah: ^4.3.0
  seafox: ^1.7.1
  source-map: ^0.7.4
  tenko: ^2.0.1

devDependencies:
  '@azariasb/escaya': 0.0.63
  '@babel/generator': 7.18.12
  '@babel/parser': 7.18.11
  '@node-rs/deno-lint': 1.14.0
  acorn: 8.8.0
  astring: 1.8.3
  benchmark: 2.1.4
  cherow: 1.6.9
  escodegen: 2.0.0
  esprima: 4.0.1
  jquery: 3.6.0
  kataw: 0.0.81
  marionette: 5.0.0-alpha.2
  meriyah: 4.3.0
  seafox: 1.7.1
  source-map: 0.7.4
  tenko: 2.0.1

packages:

  /@azariasb/escaya/0.0.63:
    resolution: {integrity: sha512-ITsAs8x+A0b0lp3UhBtbR/Rh5qhc05+HAFOzIs6iA1nmp190zTuxEQtAQDB+c1BW3QADjzLMjkdARjcC9S3kEQ==}
    engines: {node: '>=6.0.0'}
    dev: true

  /@babel/generator/7.18.12:
    resolution: {integrity: sha512-dfQ8ebCN98SvyL7IxNMCUtZQSq5R7kxgN+r8qYTGDmmSion1hX2C0zq2yo1bsCDhXixokv1SAWTZUMYbO/V5zg==}
    engines: {node: '>=6.9.0'}
    dependencies:
      '@babel/types': 7.18.10
      '@jridgewell/gen-mapping': 0.3.2
      jsesc: 2.5.2
    dev: true

  /@babel/helper-string-parser/7.18.10:
    resolution: {integrity: sha512-XtIfWmeNY3i4t7t4D2t02q50HvqHybPqW2ki1kosnvWCwuCMeo81Jf0gwr85jy/neUdg5XDdeFE/80DXiO+njw==}
    engines: {node: '>=6.9.0'}
    dev: true

  /@babel/helper-validator-identifier/7.16.7:
    resolution: {integrity: sha512-hsEnFemeiW4D08A5gUAZxLBTXpZ39P+a+DGDsHw1yxqyQ/jzFEnxf5uTEGp+3bzAbNOxU1paTgYS4ECU/IgfDw==}
    engines: {node: '>=6.9.0'}
    dev: true

  /@babel/helper-validator-identifier/7.18.6:
    resolution: {integrity: sha512-MmetCkz9ej86nJQV+sFCxoGGrUbU3q02kgLciwkrt9QqEB7cP39oKEY0PakknEO0Gu20SskMRi+AYZ3b1TpN9g==}
    engines: {node: '>=6.9.0'}
    dev: true

  /@babel/parser/7.18.11:
    resolution: {integrity: sha512-9JKn5vN+hDt0Hdqn1PiJ2guflwP+B6Ga8qbDuoF0PzzVhrzsKIJo8yGqVk6CmMHiMei9w1C1Bp9IMJSIK+HPIQ==}
    engines: {node: '>=6.0.0'}
    hasBin: true
    dependencies:
      '@babel/types': 7.16.7
    dev: true

  /@babel/types/7.16.7:
    resolution: {integrity: sha512-E8HuV7FO9qLpx6OtoGfUQ2cjIYnbFwvZWYBS+87EwtdMvmUPJSwykpovFB+8insbpF0uJcpr8KMUi64XZntZcg==}
    engines: {node: '>=6.9.0'}
    dependencies:
      '@babel/helper-validator-identifier': 7.16.7
      to-fast-properties: 2.0.0
    dev: true

  /@babel/types/7.18.10:
    resolution: {integrity: sha512-MJvnbEiiNkpjo+LknnmRrqbY1GPUUggjv+wQVjetM/AONoupqRALB7I6jGqNUAZsKcRIEu2J6FRFvsczljjsaQ==}
    engines: {node: '>=6.9.0'}
    dependencies:
      '@babel/helper-string-parser': 7.18.10
      '@babel/helper-validator-identifier': 7.18.6
      to-fast-properties: 2.0.0
    dev: true

  /@jridgewell/gen-mapping/0.3.2:
    resolution: {integrity: sha512-mh65xKQAzI6iBcFzwv28KVWSmCkdRBWoOh+bYQGW3+6OZvbbN3TqMGo5hqYxQniRcH9F2VZIoJCm4pa3BPDK/A==}
    engines: {node: '>=6.0.0'}
    dependencies:
      '@jridgewell/set-array': 1.1.2
      '@jridgewell/sourcemap-codec': 1.4.14
      '@jridgewell/trace-mapping': 0.3.15
    dev: true

  /@jridgewell/resolve-uri/3.1.0:
    resolution: {integrity: sha512-F2msla3tad+Mfht5cJq7LSXcdudKTWCVYUgw6pLFOOHSTtZlj6SWNYAp+AhuqLmWdBO2X5hPrLcu8cVP8fy28w==}
    engines: {node: '>=6.0.0'}
    dev: true

  /@jridgewell/set-array/1.1.2:
    resolution: {integrity: sha512-xnkseuNADM0gt2bs+BvhO0p78Mk762YnZdsuzFV018NoG1Sj1SCQvpSqa7XUaTam5vAGasABV9qXASMKnFMwMw==}
    engines: {node: '>=6.0.0'}
    dev: true

  /@jridgewell/sourcemap-codec/1.4.14:
    resolution: {integrity: sha512-XPSJHWmi394fuUuzDnGz1wiKqWfo1yXecHQMRf2l6hztTO+nPru658AyDngaBe7isIxEkRsPR3FZh+s7iVa4Uw==}
    dev: true

  /@jridgewell/trace-mapping/0.3.15:
    resolution: {integrity: sha512-oWZNOULl+UbhsgB51uuZzglikfIKSUBO/M9W2OfEjn7cmqoAiCgmv9lyACTUacZwBz0ITnJ2NqjU8Tx0DHL88g==}
    dependencies:
      '@jridgewell/resolve-uri': 3.1.0
      '@jridgewell/sourcemap-codec': 1.4.14
    dev: true

  /@node-rs/deno-lint-android-arm-eabi/1.14.0:
    resolution: {integrity: sha512-1k12oBLJv3F88cNNOjbCu1J+gaX5Jvt8RyGxEq1Schl9jVt7wNe3DwwOh0VRWQ8ahBb/Jwu3dxIaxB84SR+MWg==}
    engines: {node: '>= 10'}
    cpu: [arm]
    os: [android]
    requiresBuild: true
    dev: true
    optional: true

  /@node-rs/deno-lint-android-arm64/1.14.0:
    resolution: {integrity: sha512-4IpL6hnA7hJUJsmDMN2EZGUIRCVuNs8dcdoYXVP7AkRE85ES1BXe0+sLeUH4eo+m/rfTm0W1lBoQLAcN8l8eCw==}
    engines: {node: '>= 10'}
    cpu: [arm64]
    os: [android]
    requiresBuild: true
    dev: true
    optional: true

  /@node-rs/deno-lint-darwin-arm64/1.14.0:
    resolution: {integrity: sha512-GqjDfwPewtre5BWcrryvqTEOXabTcr1SnTSDTJVTUiucLqOKxG/rBW8faXl4qoB6t5rzWl0Nk20Pf/0sEsR1kg==}
    engines: {node: '>= 10'}
    cpu: [arm64]
    os: [darwin]
    requiresBuild: true
    dev: true
    optional: true

  /@node-rs/deno-lint-darwin-x64/1.14.0:
    resolution: {integrity: sha512-p99f+iEQ2aebcEsCFSsTwWb8R85qPbYtnwU9tRpsZ9SK9PpSOD5x8oWgV6nnbZ4ac6mhLl+HC8zIyd/pZUYVVw==}
    engines: {node: '>= 10'}
    cpu: [x64]
    os: [darwin]
    requiresBuild: true
    dev: true
    optional: true

  /@node-rs/deno-lint-freebsd-x64/1.14.0:
    resolution: {integrity: sha512-eK7vrkHFYpYU+pXHsc+yktA3tWc2GYSPlYCkQN6TYMofPZY6osdSNOx94DOzBA7nopt2jYDyltxq8ExpBSLO1Q==}
    engines: {node: '>= 10'}
    cpu: [x64]
    os: [freebsd]
    requiresBuild: true
    dev: true
    optional: true

  /@node-rs/deno-lint-linux-arm-gnueabihf/1.14.0:
    resolution: {integrity: sha512-AwT5Y3dq8abcrrTOdTWcCwNdB0G7utE/my4zuXovbvya++6FUCi0TD6tzHrrvuvEm7pvkD38lfZb5DhQTqReZA==}
    engines: {node: '>= 10'}
    cpu: [arm]
    os: [linux]
    requiresBuild: true
    dev: true
    optional: true

  /@node-rs/deno-lint-linux-arm64-gnu/1.14.0:
    resolution: {integrity: sha512-4D2gJAAZo6FLyht423tt6dX9Ioh2hoUyLqyeQ95XJfaDAsBvuSivbsB7hd20Ti2W/s+Ngz2YoiYzdlPmwtXueg==}
    engines: {node: '>= 10'}
    cpu: [arm64]
    os: [linux]
    requiresBuild: true
    dev: true
    optional: true

  /@node-rs/deno-lint-linux-arm64-musl/1.14.0:
    resolution: {integrity: sha512-r9Z2RAiqQBTpTwcdW9V6+vLuwvVdHnzPG2B7wdE3YdeivPASlKkZVk66mDuCajlYixEcZAGEf3xhvzs/D1c6Fg==}
    engines: {node: '>= 10'}
    cpu: [arm64]
    os: [linux]
    requiresBuild: true
    dev: true
    optional: true

  /@node-rs/deno-lint-linux-x64-gnu/1.14.0:
    resolution: {integrity: sha512-tAv/mfLmXpABqnWvOj58QrTmEm0odY+723+RDdISarqYKqhp3L9yYhRM4uw1IypudW0o17JGDxmBtvDuk4OReA==}
    engines: {node: '>= 10'}
    cpu: [x64]
    os: [linux]
    requiresBuild: true
    dev: true
    optional: true

  /@node-rs/deno-lint-linux-x64-musl/1.14.0:
    resolution: {integrity: sha512-/m30O5rYiYRoQw/3pfnaJe+fgckBE8iLKGw9DVZ9QGAhTHgxode/QNAWK11lenSPzWHhGe5g4C/9ow7M13Wdyg==}
    engines: {node: '>= 10'}
    cpu: [x64]
    os: [linux]
    requiresBuild: true
    dev: true
    optional: true

  /@node-rs/deno-lint-win32-arm64-msvc/1.14.0:
    resolution: {integrity: sha512-t+QIZzGFDuOqoZBltEyuTUCsHJ8VBYJOXt1cyAZp9U9pziPzwfZzgmoLWIkcCjQtCPM2Ijy95blW/2nPRyeUiw==}
    engines: {node: '>= 10'}
    cpu: [arm64]
    os: [win32]
    requiresBuild: true
    dev: true
    optional: true

  /@node-rs/deno-lint-win32-ia32-msvc/1.14.0:
    resolution: {integrity: sha512-kjT5cFi5aPpDmNTQMkLdACwyY/3l8N6id3fl2yqlxKVsQ/Dha6VtEjx7O3V7OBKeZ6z5orQpB3OazLKwB8/8Kw==}
    engines: {node: '>= 10'}
    cpu: [ia32]
    os: [win32]
    requiresBuild: true
    dev: true
    optional: true

  /@node-rs/deno-lint-win32-x64-msvc/1.14.0:
    resolution: {integrity: sha512-OHJCjrj656OZ/98LhzbvM81xU5SQFcNDncKDfpJRlDAoJlWEdjvh6GPStcbG9ijhMqT+It/19B/Bg6+9mIMNBQ==}
    engines: {node: '>= 10'}
    cpu: [x64]
    os: [win32]
    requiresBuild: true
    dev: true
    optional: true

  /@node-rs/deno-lint/1.14.0:
    resolution: {integrity: sha512-Q0Hnk7TEXGviw3XAMgHatTlym1j1GBg0JkCIOZhqEZimm6JVTVDSWGtincbhFXwICZTLBDqITkna6udClEiSeA==}
    engines: {node: '>= 10'}
    hasBin: true
    dependencies:
      clipanion: 3.1.0
      typanion: 3.9.0
    optionalDependencies:
      '@node-rs/deno-lint-android-arm-eabi': 1.14.0
      '@node-rs/deno-lint-android-arm64': 1.14.0
      '@node-rs/deno-lint-darwin-arm64': 1.14.0
      '@node-rs/deno-lint-darwin-x64': 1.14.0
      '@node-rs/deno-lint-freebsd-x64': 1.14.0
      '@node-rs/deno-lint-linux-arm-gnueabihf': 1.14.0
      '@node-rs/deno-lint-linux-arm64-gnu': 1.14.0
      '@node-rs/deno-lint-linux-arm64-musl': 1.14.0
      '@node-rs/deno-lint-linux-x64-gnu': 1.14.0
      '@node-rs/deno-lint-linux-x64-musl': 1.14.0
      '@node-rs/deno-lint-win32-arm64-msvc': 1.14.0
      '@node-rs/deno-lint-win32-ia32-msvc': 1.14.0
      '@node-rs/deno-lint-win32-x64-msvc': 1.14.0
    dev: true

  /acorn/8.8.0:
    resolution: {integrity: sha512-QOxyigPVrpZ2GXT+PFyZTl6TtOFc5egxHIP9IlQ+RbupQuX4RkT/Bee4/kQuC02Xkzg84JcT7oLYtDIQxp+v7w==}
    engines: {node: '>=0.4.0'}
    hasBin: true
    dev: true

  /astring/1.8.3:
    resolution: {integrity: sha512-sRpyiNrx2dEYIMmUXprS8nlpRg2Drs8m9ElX9vVEXaCB4XEAJhKfs7IcX0IwShjuOAjLR6wzIrgoptz1n19i1A==}
    hasBin: true
    dev: true

  /backbone/1.4.0:
    resolution: {integrity: sha512-RLmDrRXkVdouTg38jcgHhyQ/2zjg7a8E6sz2zxfz21Hh17xDJYUHBZimVIt5fUyS8vbfpeSmTL3gUjTEvUV3qQ==}
    requiresBuild: true
    dependencies:
      underscore: 1.13.2
    dev: true
    optional: true

  /benchmark/2.1.4:
    resolution: {integrity: sha1-CfPeMckWQl1JjMLuVloOvzwqVik=}
    dependencies:
      lodash: 4.17.21
      platform: 1.3.6
    dev: true

  /cherow/1.6.9:
    resolution: {integrity: sha512-pmmkpIQRcnDA7EawKcg9+ncSZNTYfXqDx+K3oqqYvpZlqVBChjTomTfw+hePnkqYR3Y013818c0R1Q5P/7PGrQ==}
    dev: true

  /clipanion/3.1.0:
    resolution: {integrity: sha512-v025Hz+IDQ15FpOyK8p02h5bFznMu6rLFsJSyOPR+7WrbSnZ1Ek6pblPukV7K5tC/dsWfncQPIrJ4iUy2PXkbw==}
    dependencies:
      typanion: 3.9.0
    dev: true

  /deep-is/0.1.4:
    resolution: {integrity: sha512-oIPzksmTg4/MriiaYGO+okXDT7ztn/w3Eptv/+gSIdMdKsJo0u4CfYNFJPy+4SKMuCqGw2wxnA+URMg3t8a/bQ==}
    dev: true

  /escodegen/2.0.0:
    resolution: {integrity: sha512-mmHKys/C8BFUGI+MAWNcSYoORYLMdPzjrknd2Vc+bUsjN5bXcr8EhrNB+UTqfL1y3I9c4fw2ihgtMPQLBRiQxw==}
    engines: {node: '>=6.0'}
    hasBin: true
    dependencies:
      esprima: 4.0.1
      estraverse: 5.3.0
      esutils: 2.0.3
      optionator: 0.8.3
    optionalDependencies:
      source-map: 0.6.1
    dev: true

  /esprima/4.0.1:
    resolution: {integrity: sha512-eGuFFw7Upda+g4p+QHvnW0RyTX/SVeJBDM/gCtMARO0cLuT2HcEKnTPvhjV6aGeqrCB/sbNop0Kszm0jsaWU4A==}
    engines: {node: '>=4'}
    hasBin: true
    dev: true

  /estraverse/5.3.0:
    resolution: {integrity: sha512-MMdARuVEQziNTeJD8DgMqmhwR11BRQ/cBP+pLtYdSTnf3MIO8fFeiINEbX36ZdNlfU/7A9f3gUw49B3oQsvwBA==}
    engines: {node: '>=4.0'}
    dev: true

  /esutils/2.0.3:
    resolution: {integrity: sha512-kVscqXk4OCp68SZ0dkgEKVi6/8ij300KBWTJq32P/dYeWTSwK41WyTxalN1eRmA5Z9UU/LX9D7FWSmV9SAYx6g==}
    engines: {node: '>=0.10.0'}
    dev: true

  /fast-levenshtein/2.0.6:
    resolution: {integrity: sha1-PYpcZog6FqMMqGQ+hR8Zuqd5eRc=}
    dev: true

  /jquery/3.6.0:
    resolution: {integrity: sha512-JVzAR/AjBvVt2BmYhxRCSYysDsPcssdmTFnzyLEts9qNwmjmu4JTAMYubEfwVOSwpQ1I1sKKFcxhZCI2buerfw==}
    dev: true

  /jsesc/2.5.2:
    resolution: {integrity: sha512-OYu7XEzjkCQ3C5Ps3QIZsQfNpqoJyZZA99wd9aWd05NCtC5pWOkShK2mkL6HXQR6/Cy2lbNdPlZBpuQHXE63gA==}
    engines: {node: '>=4'}
    hasBin: true
    dev: true

  /kataw/0.0.81:
    resolution: {integrity: sha512-oEGZSCmcj4yZL74XXk5mJuoOqptJPX4cXgKLuzCLPIrPeYBsFz8aStbcfr7Q7nO4fVvL4e6PWXDHtWnIGoOcnA==}
    dev: true

  /levn/0.3.0:
    resolution: {integrity: sha1-OwmSTt+fCDwEkP3UwLxEIeBHZO4=}
    engines: {node: '>= 0.8.0'}
    dependencies:
      prelude-ls: 1.1.2
      type-check: 0.3.2
    dev: true

  /lodash/4.17.21:
    resolution: {integrity: sha512-v2kDEe57lecTulaDIuNTPy3Ry4gLGJ6Z1O3vE1krgXZNrsQ+LFTGHVxVjcXPs17LhbZVGedAJv8XZ1tvj5FvSg==}
    dev: true

  /marionette/5.0.0-alpha.2:
    resolution: {integrity: sha512-lAkusnDtnJvTjUd6c8dJIQFSUXhEjG278e8MqvwxhZ78LyISbHCYmEbKScEmWM0M73Tw3GenJ6OtkJy4+ADtEg==}
    peerDependencies:
      underscore: ^1.11.0
    optionalDependencies:
      backbone: 1.4.0
    dev: true

  /meriyah/4.3.0:
    resolution: {integrity: sha512-YBm59F1syHtwN4/ULfU1cgAICONB+Z+sNV/96albrQbMKhWDHUivH7Pp+SOtjI0Gtx4/pEqeSOBBYaC+k5Bsdg==}
    engines: {node: '>=10.4.0'}
    dev: true

  /optionator/0.8.3:
    resolution: {integrity: sha512-+IW9pACdk3XWmmTXG8m3upGUJst5XRGzxMRjXzAuJ1XnIFNvfhjjIuYkDvysnPQ7qzqVzLt78BCruntqRhWQbA==}
    engines: {node: '>= 0.8.0'}
    dependencies:
      deep-is: 0.1.4
      fast-levenshtein: 2.0.6
      levn: 0.3.0
      prelude-ls: 1.1.2
      type-check: 0.3.2
      word-wrap: 1.2.3
    dev: true

  /platform/1.3.6:
    resolution: {integrity: sha512-fnWVljUchTro6RiCFvCXBbNhJc2NijN7oIQxbwsyL0buWJPG85v81ehlHI9fXrJsMNgTofEoWIQeClKpgxFLrg==}
    dev: true

  /prelude-ls/1.1.2:
    resolution: {integrity: sha1-IZMqVJ9eUv/ZqCf1cOBL5iqX2lQ=}
    engines: {node: '>= 0.8.0'}
    dev: true

  /seafox/1.7.1:
    resolution: {integrity: sha512-WK3tcdmoCHPBhoe1oojEfzeNSTkp/wEgNdReqyBNubUM5yp+sw6uU2f/SpAc0PI1VyAxiC2G7tfMY2TXr/pfIg==}
    engines: {node: '>=6.0.0'}
    dev: true

  /source-map/0.6.1:
    resolution: {integrity: sha512-UjgapumWlbMhkBgzT7Ykc5YXUT46F0iKu8SGXq0bcwP5dz/h0Plj6enJqjz1Zbq2l5WaqYnrVbwWOWMyF3F47g==}
    engines: {node: '>=0.10.0'}
    requiresBuild: true
    dev: true
    optional: true

  /source-map/0.7.4:
    resolution: {integrity: sha512-l3BikUxvPOcn5E74dZiq5BGsTb5yEwhaTSzccU6t4sDOH8NWJCstKO5QT2CvtFoK6F0saL7p9xHAqHOlCPJygA==}
    engines: {node: '>= 8'}
    dev: true

  /tenko/2.0.1:
    resolution: {integrity: sha512-oE6Dh8t5i5Cgc0LlogAKotl40wTWLyAn9fMwl5ZMoCUSxj5CFemzBJujy5/9DTFvI+LAsdhf/SYfFMIwUX99ug==}
    hasBin: true
    dev: true

  /to-fast-properties/2.0.0:
    resolution: {integrity: sha512-/OaKK0xYrs3DmxRYqL/yDc+FxFUVYhDlXMhRmv3z915w2HF1tnN1omB354j8VUGO/hbRzyD6Y3sA7v7GS/ceog==}
    engines: {node: '>=4'}
    dev: true

  /typanion/3.9.0:
    resolution: {integrity: sha512-7yPk67IIquhKQcUXOBM27vDuGmZf6oJbEmzgVfDniHCkT6+z4JnKY85nKqbstoec8Kp7hD06TP3Kc98ij43PIg==}
    dev: true

  /type-check/0.3.2:
    resolution: {integrity: sha1-WITKtRLPHTVeP7eE8wgEsrUg23I=}
    engines: {node: '>= 0.8.0'}
    dependencies:
      prelude-ls: 1.1.2
    dev: true

  /underscore/1.13.2:
    resolution: {integrity: sha512-ekY1NhRzq0B08g4bGuX4wd2jZx5GnKz6mKSqFL4nqBlfyMGiG10gDFhDTMEfYmDL6Jy0FUIZp7wiRB+0BP7J2g==}
    dev: true
    optional: true

  /word-wrap/1.2.3:
    resolution: {integrity: sha512-Hz/mrNwitNRh/HUAtM/VT/5VH+ygD6DV7mYKZAtHOrbs8U7lvPS6xf7EJKMF0uW1KJCl0H701g3ZGus+muE5vQ==}
    engines: {node: '>=0.10.0'}
    dev: true
